// !$*UTF8*$!
{
	archiveVersion = 1;
	classes = {
	};
	objectVersion = 46;
	objects = {

/* Begin PBXBuildFile section */
		30C5343C1C89B72100235AA7 /* AppDelegate.swift in Sources */ = {isa = PBXBuildFile; fileRef = 30C5343B1C89B72100235AA7 /* AppDelegate.swift */; };
		30C5343E1C89B72100235AA7 /* ViewController.swift in Sources */ = {isa = PBXBuildFile; fileRef = 30C5343D1C89B72100235AA7 /* ViewController.swift */; };
		30C534411C89B72100235AA7 /* Main.storyboard in Resources */ = {isa = PBXBuildFile; fileRef = 30C5343F1C89B72100235AA7 /* Main.storyboard */; };
		30C534431C89B72100235AA7 /* Assets.xcassets in Resources */ = {isa = PBXBuildFile; fileRef = 30C534421C89B72100235AA7 /* Assets.xcassets */; };
		30C534461C89B72100235AA7 /* LaunchScreen.storyboard in Resources */ = {isa = PBXBuildFile; fileRef = 30C534441C89B72100235AA7 /* LaunchScreen.storyboard */; };
		30C534511C89B72100235AA7 /* timerTests.swift in Sources */ = {isa = PBXBuildFile; fileRef = 30C534501C89B72100235AA7 /* timerTests.swift */; };
		30C5345C1C89B72100235AA7 /* timerUITests.swift in Sources */ = {isa = PBXBuildFile; fileRef = 30C5345B1C89B72100235AA7 /* timerUITests.swift */; };
/* End PBXBuildFile section */

/* Begin PBXContainerItemProxy section */
		30C5344D1C89B72100235AA7 /* PBXContainerItemProxy */ = {
			isa = PBXContainerItemProxy;
			containerPortal = 30C534301C89B72100235AA7 /* Project object */;
			proxyType = 1;
			remoteGlobalIDString = 30C534371C89B72100235AA7;
			remoteInfo = timer;
		};
		30C534581C89B72100235AA7 /* PBXContainerItemProxy */ = {
			isa = PBXContainerItemProxy;
			containerPortal = 30C534301C89B72100235AA7 /* Project object */;
			proxyType = 1;
			remoteGlobalIDString = 30C534371C89B72100235AA7;
			remoteInfo = timer;
		};
/* End PBXContainerItemProxy section */

/* Begin PBXFileReference section */
		30C534381C89B72100235AA7 /* timer.app */ = {isa = PBXFileReference; explicitFileType = wrapper.application; includeInIndex = 0; path = timer.app; sourceTree = BUILT_PRODUCTS_DIR; };
		30C5343B1C89B72100235AA7 /* AppDelegate.swift */ = {isa = PBXFileReference; lastKnownFileType = sourcecode.swift; path = AppDelegate.swift; sourceTree = "<group>"; };
		30C5343D1C89B72100235AA7 /* ViewController.swift */ = {isa = PBXFileReference; lastKnownFileType = sourcecode.swift; path = ViewController.swift; sourceTree = "<group>"; };
		30C534401C89B72100235AA7 /* Base */ = {isa = PBXFileReference; lastKnownFileType = file.storyboard; name = Base; path = Base.lproj/Main.storyboard; sourceTree = "<group>"; };
		30C534421C89B72100235AA7 /* Assets.xcassets */ = {isa = PBXFileReference; lastKnownFileType = folder.assetcatalog; path = Assets.xcassets; sourceTree = "<group>"; };
		30C534451C89B72100235AA7 /* Base */ = {isa = PBXFileReference; lastKnownFileType = file.storyboard; name = Base; path = Base.lproj/LaunchScreen.storyboard; sourceTree = "<group>"; };
		30C534471C89B72100235AA7 /* Info.plist */ = {isa = PBXFileReference; lastKnownFileType = text.plist.xml; path = Info.plist; sourceTree = "<group>"; };
		30C5344C1C89B72100235AA7 /* timerTests.xctest */ = {isa = PBXFileReference; explicitFileType = wrapper.cfbundle; includeInIndex = 0; path = timerTests.xctest; sourceTree = BUILT_PRODUCTS_DIR; };
		30C534501C89B72100235AA7 /* timerTests.swift */ = {isa = PBXFileReference; lastKnownFileType = sourcecode.swift; path = timerTests.swift; sourceTree = "<group>"; };
		30C534521C89B72100235AA7 /* Info.plist */ = {isa = PBXFileReference; lastKnownFileType = text.plist.xml; path = Info.plist; sourceTree = "<group>"; };
		30C534571C89B72100235AA7 /* timerUITests.xctest */ = {isa = PBXFileReference; explicitFileType = wrapper.cfbundle; includeInIndex = 0; path = timerUITests.xctest; sourceTree = BUILT_PRODUCTS_DIR; };
		30C5345B1C89B72100235AA7 /* timerUITests.swift */ = {isa = PBXFileReference; lastKnownFileType = sourcecode.swift; path = timerUITests.swift; sourceTree = "<group>"; };
		30C5345D1C89B72100235AA7 /* Info.plist */ = {isa = PBXFileReference; lastKnownFileType = text.plist.xml; path = Info.plist; sourceTree = "<group>"; };
/* End PBXFileReference section */

/* Begin PBXFrameworksBuildPhase section */
		30C534351C89B72100235AA7 /* Frameworks */ = {
			isa = PBXFrameworksBuildPhase;
			buildActionMask = 2147483647;
			files = (
			);
			runOnlyForDeploymentPostprocessing = 0;
		};
		30C534491C89B72100235AA7 /* Frameworks */ = {
			isa = PBXFrameworksBuildPhase;
			buildActionMask = 2147483647;
			files = (
			);
			runOnlyForDeploymentPostprocessing = 0;
		};
		30C534541C89B72100235AA7 /* Frameworks */ = {
			isa = PBXFrameworksBuildPhase;
			buildActionMask = 2147483647;
			files = (
			);
			runOnlyForDeploymentPostprocessing = 0;
		};
/* End PBXFrameworksBuildPhase section */

/* Begin PBXGroup section */
		30C5342F1C89B72100235AA7 = {
			isa = PBXGroup;
			children = (
				30C5343A1C89B72100235AA7 /* timer */,
				30C5344F1C89B72100235AA7 /* timerTests */,
				30C5345A1C89B72100235AA7 /* timerUITests */,
				30C534391C89B72100235AA7 /* Products */,
			);
			sourceTree = "<group>";
		};
		30C534391C89B72100235AA7 /* Products */ = {
			isa = PBXGroup;
			children = (
				30C534381C89B72100235AA7 /* timer.app */,
				30C5344C1C89B72100235AA7 /* timerTests.xctest */,
				30C534571C89B72100235AA7 /* timerUITests.xctest */,
			);
			name = Products;
			sourceTree = "<group>";
		};
		30C5343A1C89B72100235AA7 /* timer */ = {
			isa = PBXGroup;
			children = (
				30C5343D1C89B72100235AA7 /* ViewController.swift */,
				30C5343F1C89B72100235AA7 /* Main.storyboard */,
				30EF5EBB1D1936D200290621 /* Supporting Files */,
			);
			path = timer;
			sourceTree = "<group>";
		};
		30C5344F1C89B72100235AA7 /* timerTests */ = {
			isa = PBXGroup;
			children = (
				30C534501C89B72100235AA7 /* timerTests.swift */,
				30C534521C89B72100235AA7 /* Info.plist */,
			);
			path = timerTests;
			sourceTree = "<group>";
		};
		30C5345A1C89B72100235AA7 /* timerUITests */ = {
			isa = PBXGroup;
			children = (
				30C5345B1C89B72100235AA7 /* timerUITests.swift */,
				30C5345D1C89B72100235AA7 /* Info.plist */,
			);
			path = timerUITests;
			sourceTree = "<group>";
		};
		30EF5EBB1D1936D200290621 /* Supporting Files */ = {
			isa = PBXGroup;
			children = (
				30C5343B1C89B72100235AA7 /* AppDelegate.swift */,
				30C534421C89B72100235AA7 /* Assets.xcassets */,
				30C534441C89B72100235AA7 /* LaunchScreen.storyboard */,
				30C534471C89B72100235AA7 /* Info.plist */,
			);
			name = "Supporting Files";
			sourceTree = "<group>";
		};
/* End PBXGroup section */

/* Begin PBXNativeTarget section */
		30C534371C89B72100235AA7 /* timer */ = {
			isa = PBXNativeTarget;
			buildConfigurationList = 30C534601C89B72100235AA7 /* Build configuration list for PBXNativeTarget "timer" */;
			buildPhases = (
				30C534341C89B72100235AA7 /* Sources */,
				30C534351C89B72100235AA7 /* Frameworks */,
				30C534361C89B72100235AA7 /* Resources */,
			);
			buildRules = (
			);
			dependencies = (
			);
			name = timer;
			productName = timer;
			productReference = 30C534381C89B72100235AA7 /* timer.app */;
			productType = "com.apple.product-type.application";
		};
		30C5344B1C89B72100235AA7 /* timerTests */ = {
			isa = PBXNativeTarget;
			buildConfigurationList = 30C534631C89B72100235AA7 /* Build configuration list for PBXNativeTarget "timerTests" */;
			buildPhases = (
				30C534481C89B72100235AA7 /* Sources */,
				30C534491C89B72100235AA7 /* Frameworks */,
				30C5344A1C89B72100235AA7 /* Resources */,
			);
			buildRules = (
			);
			dependencies = (
				30C5344E1C89B72100235AA7 /* PBXTargetDependency */,
			);
			name = timerTests;
			productName = timerTests;
			productReference = 30C5344C1C89B72100235AA7 /* timerTests.xctest */;
			productType = "com.apple.product-type.bundle.unit-test";
		};
		30C534561C89B72100235AA7 /* timerUITests */ = {
			isa = PBXNativeTarget;
			buildConfigurationList = 30C534661C89B72100235AA7 /* Build configuration list for PBXNativeTarget "timerUITests" */;
			buildPhases = (
				30C534531C89B72100235AA7 /* Sources */,
				30C534541C89B72100235AA7 /* Frameworks */,
				30C534551C89B72100235AA7 /* Resources */,
			);
			buildRules = (
			);
			dependencies = (
				30C534591C89B72100235AA7 /* PBXTargetDependency */,
			);
			name = timerUITests;
			productName = timerUITests;
			productReference = 30C534571C89B72100235AA7 /* timerUITests.xctest */;
			productType = "com.apple.product-type.bundle.ui-testing";
		};
/* End PBXNativeTarget section */

/* Begin PBXProject section */
		30C534301C89B72100235AA7 /* Project object */ = {
			isa = PBXProject;
			attributes = {
				LastSwiftUpdateCheck = 0720;
				LastUpgradeCheck = 0720;
				ORGANIZATIONNAME = WangQi;
				TargetAttributes = {
					30C534371C89B72100235AA7 = {
						CreatedOnToolsVersion = 7.2.1;
						DevelopmentTeam = EKW377MQAC;
					};
					30C5344B1C89B72100235AA7 = {
						CreatedOnToolsVersion = 7.2.1;
						DevelopmentTeam = EKW377MQAC;
						TestTargetID = 30C534371C89B72100235AA7;
					};
					30C534561C89B72100235AA7 = {
						CreatedOnToolsVersion = 7.2.1;
						DevelopmentTeam = EKW377MQAC;
						TestTargetID = 30C534371C89B72100235AA7;
					};
				};
			};
			buildConfigurationList = 30C534331C89B72100235AA7 /* Build configuration list for PBXProject "timer" */;
			compatibilityVersion = "Xcode 3.2";
			developmentRegion = English;
			hasScannedForEncodings = 0;
			knownRegions = (
				en,
				Base,
			);
			mainGroup = 30C5342F1C89B72100235AA7;
			productRefGroup = 30C534391C89B72100235AA7 /* Products */;
			projectDirPath = "";
			projectRoot = "";
			targets = (
				30C534371C89B72100235AA7 /* timer */,
				30C5344B1C89B72100235AA7 /* timerTests */,
				30C534561C89B72100235AA7 /* timerUITests */,
			);
		};
/* End PBXProject section */

/* Begin PBXResourcesBuildPhase section */
		30C534361C89B72100235AA7 /* Resources */ = {
			isa = PBXResourcesBuildPhase;
			buildActionMask = 2147483647;
			files = (
				30C534461C89B72100235AA7 /* LaunchScreen.storyboard in Resources */,
				30C534431C89B72100235AA7 /* Assets.xcassets in Resources */,
				30C534411C89B72100235AA7 /* Main.storyboard in Resources */,
			);
			runOnlyForDeploymentPostprocessing = 0;
		};
		30C5344A1C89B72100235AA7 /* Resources */ = {
			isa = PBXResourcesBuildPhase;
			buildActionMask = 2147483647;
			files = (
			);
			runOnlyForDeploymentPostprocessing = 0;
		};
		30C534551C89B72100235AA7 /* Resources */ = {
			isa = PBXResourcesBuildPhase;
			buildActionMask = 2147483647;
			files = (
			);
			runOnlyForDeploymentPostprocessing = 0;
		};
/* End PBXResourcesBuildPhase section */

/* Begin PBXSourcesBuildPhase section */
		30C534341C89B72100235AA7 /* Sources */ = {
			isa = PBXSourcesBuildPhase;
			buildActionMask = 2147483647;
			files = (
				30C5343E1C89B72100235AA7 /* ViewController.swift in Sources */,
				30C5343C1C89B72100235AA7 /* AppDelegate.swift in Sources */,
			);
			runOnlyForDeploymentPostprocessing = 0;
		};
		30C534481C89B72100235AA7 /* Sources */ = {
			isa = PBXSourcesBuildPhase;
			buildActionMask = 2147483647;
			files = (
				30C534511C89B72100235AA7 /* timerTests.swift in Sources */,
			);
			runOnlyForDeploymentPostprocessing = 0;
		};
		30C534531C89B72100235AA7 /* Sources */ = {
			isa = PBXSourcesBuildPhase;
			buildActionMask = 2147483647;
			files = (
				30C5345C1C89B72100235AA7 /* timerUITests.swift in Sources */,
			);
			runOnlyForDeploymentPostprocessing = 0;
		};
/* End PBXSourcesBuildPhase section */

/* Begin PBXTargetDependency section */
		30C5344E1C89B72100235AA7 /* PBXTargetDependency */ = {
			isa = PBXTargetDependency;
			target = 30C534371C89B72100235AA7 /* timer */;
			targetProxy = 30C5344D1C89B72100235AA7 /* PBXContainerItemProxy */;
		};
		30C534591C89B72100235AA7 /* PBXTargetDependency */ = {
			isa = PBXTargetDependency;
			target = 30C534371C89B72100235AA7 /* timer */;
			targetProxy = 30C534581C89B72100235AA7 /* PBXContainerItemProxy */;
		};
/* End PBXTargetDependency section */

/* Begin PBXVariantGroup section */
		30C5343F1C89B72100235AA7 /* Main.storyboard */ = {
			isa = PBXVariantGroup;
			children = (
				30C534401C89B72100235AA7 /* Base */,
			);
			name = Main.storyboard;
			sourceTree = "<group>";
		};
		30C534441C89B72100235AA7 /* LaunchScreen.storyboard */ = {
			isa = PBXVariantGroup;
			children = (
				30C534451C89B72100235AA7 /* Base */,
			);
			name = LaunchScreen.storyboard;
			sourceTree = "<group>";
		};
/* End PBXVariantGroup section */

/* Begin XCBuildConfiguration section */
		30C5345E1C89B72100235AA7 /* Debug */ = {
			isa = XCBuildConfiguration;
			buildSettings = {
				ALWAYS_SEARCH_USER_PATHS = NO;
				CLANG_CXX_LANGUAGE_STANDARD = "gnu++0x";
				CLANG_CXX_LIBRARY = "libc++";
				CLANG_ENABLE_MODULES = YES;
				CLANG_ENABLE_OBJC_ARC = YES;
				CLANG_WARN_BOOL_CONVERSION = YES;
				CLANG_WARN_CONSTANT_CONVERSION = YES;
				CLANG_WARN_DIRECT_OBJC_ISA_USAGE = YES_ERROR;
				CLANG_WARN_EMPTY_BODY = YES;
				CLANG_WARN_ENUM_CONVERSION = YES;
				CLANG_WARN_INT_CONVERSION = YES;
				CLANG_WARN_OBJC_ROOT_CLASS = YES_ERROR;
				CLANG_WARN_UNREACHABLE_CODE = YES;
				CLANG_WARN__DUPLICATE_METHOD_MATCH = YES;
				"CODE_SIGN_IDENTITY[sdk=iphoneos*]" = "iPhone Developer";
				COPY_PHASE_STRIP = NO;
				DEBUG_INFORMATION_FORMAT = dwarf;
				ENABLE_STRICT_OBJC_MSGSEND = YES;
				ENABLE_TESTABILITY = YES;
				GCC_C_LANGUAGE_STANDARD = gnu99;
				GCC_DYNAMIC_NO_PIC = NO;
				GCC_NO_COMMON_BLOCKS = YES;
				GCC_OPTIMIZATION_LEVEL = 0;
				GCC_PREPROCESSOR_DEFINITIONS = (
					"DEBUG=1",
					"$(inherited)",
				);
				GCC_WARN_64_TO_32_BIT_CONVERSION = YES;
				GCC_WARN_ABOUT_RETURN_TYPE = YES_ERROR;
				GCC_WARN_UNDECLARED_SELECTOR = YES;
				GCC_WARN_UNINITIALIZED_AUTOS = YES_AGGRESSIVE;
				GCC_WARN_UNUSED_FUNCTION = YES;
				GCC_WARN_UNUSED_VARIABLE = YES;
				IPHONEOS_DEPLOYMENT_TARGET = 9.2;
				MTL_ENABLE_DEBUG_INFO = YES;
				ONLY_ACTIVE_ARCH = YES;
				SDKROOT = iphoneos;
				SWIFT_OPTIMIZATION_LEVEL = "-Onone";
			};
			name = Debug;
		};
		30C5345F1C89B72100235AA7 /* Release */ = {
			isa = XCBuildConfiguration;
			buildSettings = {
				ALWAYS_SEARCH_USER_PATHS = NO;
				CLANG_CXX_LANGUAGE_STANDARD = "gnu++0x";
				CLANG_CXX_LIBRARY = "libc++";
				CLANG_ENABLE_MODULES = YES;
				CLANG_ENABLE_OBJC_ARC = YES;
				CLANG_WARN_BOOL_CONVERSION = YES;
				CLANG_WARN_CONSTANT_CONVERSION = YES;
				CLANG_WARN_DIRECT_OBJC_ISA_USAGE = YES_ERROR;
				CLANG_WARN_EMPTY_BODY = YES;
				CLANG_WARN_ENUM_CONVERSION = YES;
				CLANG_WARN_INT_CONVERSION = YES;
				CLANG_WARN_OBJC_ROOT_CLASS = YES_ERROR;
				CLANG_WARN_UNREACHABLE_CODE = YES;
				CLANG_WARN__DUPLICATE_METHOD_MATCH = YES;
				"CODE_SIGN_IDENTITY[sdk=iphoneos*]" = "iPhone Developer";
				COPY_PHASE_STRIP = NO;
				DEBUG_INFORMATION_FORMAT = "dwarf-with-dsym";
				ENABLE_NS_ASSERTIONS = NO;
				ENABLE_STRICT_OBJC_MSGSEND = YES;
				GCC_C_LANGUAGE_STANDARD = gnu99;
				GCC_NO_COMMON_BLOCKS = YES;
				GCC_WARN_64_TO_32_BIT_CONVERSION = YES;
				GCC_WARN_ABOUT_RETURN_TYPE = YES_ERROR;
				GCC_WARN_UNDECLARED_SELECTOR = YES;
				GCC_WARN_UNINITIALIZED_AUTOS = YES_AGGRESSIVE;
				GCC_WARN_UNUSED_FUNCTION = YES;
				GCC_WARN_UNUSED_VARIABLE = YES;
				IPHONEOS_DEPLOYMENT_TARGET = 9.2;
				MTL_ENABLE_DEBUG_INFO = NO;
				SDKROOT = iphoneos;
				VALIDATE_PRODUCT = YES;
			};
			name = Release;
		};
		30C534611C89B72100235AA7 /* Debug */ = {
			isa = XCBuildConfiguration;
			buildSettings = {
				ASSETCATALOG_COMPILER_APPICON_NAME = AppIcon;
				INFOPLIST_FILE = timer/Info.plist;
				LD_RUNPATH_SEARCH_PATHS = "$(inherited) @executable_path/Frameworks";
				PRODUCT_BUNDLE_IDENTIFIER = com.wangqi.timer;
				PRODUCT_NAME = "$(TARGET_NAME)";
			};
			name = Debug;
		};
		30C534621C89B72100235AA7 /* Release */ = {
			isa = XCBuildConfiguration;
			buildSettings = {
				ASSETCATALOG_COMPILER_APPICON_NAME = AppIcon;
				INFOPLIST_FILE = timer/Info.plist;
				LD_RUNPATH_SEARCH_PATHS = "$(inherited) @executable_path/Frameworks";
				PRODUCT_BUNDLE_IDENTIFIER = com.wangqi.timer;
				PRODUCT_NAME = "$(TARGET_NAME)";
			};
			name = Release;
		};
		30C534641C89B72100235AA7 /* Debug */ = {
			isa = XCBuildConfiguration;
			buildSettings = {
				BUNDLE_LOADER = "$(TEST_HOST)";
				INFOPLIST_FILE = timerTests/Info.plist;
				LD_RUNPATH_SEARCH_PATHS = "$(inherited) @executable_path/Frameworks @loader_path/Frameworks";
				PRODUCT_BUNDLE_IDENTIFIER = com.wangqi.timerTests;
				PRODUCT_NAME = "$(TARGET_NAME)";
				TEST_HOST = "$(BUILT_PRODUCTS_DIR)/timer.app/timer";
			};
			name = Debug;
		};
		30C534651C89B72100235AA7 /* Release */ = {
			isa = XCBuildConfiguration;
			buildSettings = {
				BUNDLE_LOADER = "$(TEST_HOST)";
				INFOPLIST_FILE = timerTests/Info.plist;
				LD_RUNPATH_SEARCH_PATHS = "$(inherited) @executable_path/Frameworks @loader_path/Frameworks";
				PRODUCT_BUNDLE_IDENTIFIER = com.wangqi.timerTests;
				PRODUCT_NAME = "$(TARGET_NAME)";
				TEST_HOST = "$(BUILT_PRODUCTS_DIR)/timer.app/timer";
			};
			name = Release;
		};
		30C534671C89B72100235AA7 /* Debug */ = {
			isa = XCBuildConfiguration;
			buildSettings = {
				INFOPLIST_FILE = timerUITests/Info.plist;
				LD_RUNPATH_SEARCH_PATHS = "$(inherited) @executable_path/Frameworks @loader_path/Frameworks";
				PRODUCT_BUNDLE_IDENTIFIER = com.wangqi.timerUITests;
				PRODUCT_NAME = "$(TARGET_NAME)";
				TEST_TARGET_NAME = timer;
				USES_XCTRUNNER = YES;
			};
			name = Debug;
		};
		30C534681C89B72100235AA7 /* Release */ = {
			isa = XCBuildConfiguration;
			buildSettings = {
				INFOPLIST_FILE = timerUITests/Info.plist;
				LD_RUNPATH_SEARCH_PATHS = "$(inherited) @executable_path/Frameworks @loader_path/Frameworks";
				PRODUCT_BUNDLE_IDENTIFIER = com.wangqi.timerUITests;
				PRODUCT_NAME = "$(TARGET_NAME)";
				TEST_TARGET_NAME = timer;
				USES_XCTRUNNER = YES;
			};
			name = Release;
		};
/* End XCBuildConfiguration section */

/* Begin XCConfigurationList section */
		30C534331C89B72100235AA7 /* Build configuration list for PBXProject "timer" */ = {
			isa = XCConfigurationList;
			buildConfigurations = (
				30C5345E1C89B72100235AA7 /* Debug */,
				30C5345F1C89B72100235AA7 /* Release */,
			);
			defaultConfigurationIsVisible = 0;
			defaultConfigurationName = Release;
		};
		30C534601C89B72100235AA7 /* Build configuration list for PBXNativeTarget "timer" */ = {
			isa = XCConfigurationList;
			buildConfigurations = (
				30C534611C89B72100235AA7 /* Debug */,
				30C534621C89B72100235AA7 /* Release */,
			);
			defaultConfigurationIsVisible = 0;
			defaultConfigurationName = Release;
		};
		30C534631C89B72100235AA7 /* Build configuration list for PBXNativeTarget "timerTests" */ = {
			isa = XCConfigurationList;
			buildConfigurations = (
				30C534641C89B72100235AA7 /* Debug */,
				30C534651C89B72100235AA7 /* Release */,
			);
			defaultConfigurationIsVisible = 0;
			defaultConfigurationName = Release;
		};
		30C534661C89B72100235AA7 /* Build configuration list for PBXNativeTarget "timerUITests" */ = {
			isa = XCConfigurationList;
			buildConfigurations = (
				30C534671C89B72100235AA7 /* Debug */,
				30C534681C89B72100235AA7 /* Release */,
			);
			defaultConfigurationIsVisible = 0;
			defaultConfigurationName = Release;
		};
/* End XCConfigurationList section */
	};
	rootObject = 30C534301C89B72100235AA7 /* Project object */;
}
